// !$*UTF8*$!
{
	archiveVersion = 1;
	classes = {
	};
	objectVersion = 46;
	objects = {

/* Begin PBXBuildFile section */
		63480F67197CBE7800500DEC /* main.swift in Sources */ = {isa = PBXBuildFile; fileRef = 63480F66197CBE7800500DEC /* main.swift */; };
		63480F69197CBE7800500DEC /* AppDelegate.swift in Sources */ = {isa = PBXBuildFile; fileRef = 63480F68197CBE7800500DEC /* AppDelegate.swift */; };
		63480F6B197CBE7800500DEC /* Images.xcassets in Resources */ = {isa = PBXBuildFile; fileRef = 63480F6A197CBE7800500DEC /* Images.xcassets */; };
		63480F6E197CBE7800500DEC /* MainMenu.xib in Resources */ = {isa = PBXBuildFile; fileRef = 63480F6C197CBE7800500DEC /* MainMenu.xib */; };
		63480F7A197CBE7800500DEC /* TomatoTests.swift in Sources */ = {isa = PBXBuildFile; fileRef = 63480F79197CBE7800500DEC /* TomatoTests.swift */; };
/* End PBXBuildFile section */

/* Begin PBXContainerItemProxy section */
		63480F74197CBE7800500DEC /* PBXContainerItemProxy */ = {
			isa = PBXContainerItemProxy;
			containerPortal = 63480F59197CBE7800500DEC /* Project object */;
			proxyType = 1;
			remoteGlobalIDString = 63480F60197CBE7800500DEC;
			remoteInfo = Tomato;
		};
/* End PBXContainerItemProxy section */

/* Begin PBXFileReference section */
		63480F61197CBE7800500DEC /* Tomato.app */ = {isa = PBXFileReference; explicitFileType = wrapper.application; includeInIndex = 0; path = Tomato.app; sourceTree = BUILT_PRODUCTS_DIR; };
		63480F65197CBE7800500DEC /* Info.plist */ = {isa = PBXFileReference; lastKnownFileType = text.plist.xml; path = Info.plist; sourceTree = "<group>"; };
		63480F66197CBE7800500DEC /* main.swift */ = {isa = PBXFileReference; lastKnownFileType = sourcecode.swift; path = main.swift; sourceTree = "<group>"; };
		63480F68197CBE7800500DEC /* AppDelegate.swift */ = {isa = PBXFileReference; lastKnownFileType = sourcecode.swift; path = AppDelegate.swift; sourceTree = "<group>"; };
		63480F6A197CBE7800500DEC /* Images.xcassets */ = {isa = PBXFileReference; lastKnownFileType = folder.assetcatalog; path = Images.xcassets; sourceTree = "<group>"; };
		63480F6D197CBE7800500DEC /* Base */ = {isa = PBXFileReference; lastKnownFileType = file.xib; name = Base; path = Base.lproj/MainMenu.xib; sourceTree = "<group>"; };
		63480F73197CBE7800500DEC /* TomatoTests.xctest */ = {isa = PBXFileReference; explicitFileType = wrapper.cfbundle; includeInIndex = 0; path = TomatoTests.xctest; sourceTree = BUILT_PRODUCTS_DIR; };
		63480F78197CBE7800500DEC /* Info.plist */ = {isa = PBXFileReference; lastKnownFileType = text.plist.xml; path = Info.plist; sourceTree = "<group>"; };
		63480F79197CBE7800500DEC /* TomatoTests.swift */ = {isa = PBXFileReference; lastKnownFileType = sourcecode.swift; path = TomatoTests.swift; sourceTree = "<group>"; };
/* End PBXFileReference section */

/* Begin PBXFrameworksBuildPhase section */
		63480F5E197CBE7800500DEC /* Frameworks */ = {
			isa = PBXFrameworksBuildPhase;
			buildActionMask = 2147483647;
			files = (
			);
			runOnlyForDeploymentPostprocessing = 0;
		};
		63480F70197CBE7800500DEC /* Frameworks */ = {
			isa = PBXFrameworksBuildPhase;
			buildActionMask = 2147483647;
			files = (
			);
			runOnlyForDeploymentPostprocessing = 0;
		};
/* End PBXFrameworksBuildPhase section */

/* Begin PBXGroup section */
		63480F58197CBE7800500DEC = {
			isa = PBXGroup;
			children = (
				63480F63197CBE7800500DEC /* Tomato */,
				63480F76197CBE7800500DEC /* TomatoTests */,
				63480F62197CBE7800500DEC /* Products */,
			);
			sourceTree = "<group>";
		};
		63480F62197CBE7800500DEC /* Products */ = {
			isa = PBXGroup;
			children = (
				63480F61197CBE7800500DEC /* Tomato.app */,
				63480F73197CBE7800500DEC /* TomatoTests.xctest */,
			);
			name = Products;
			sourceTree = "<group>";
		};
		63480F63197CBE7800500DEC /* Tomato */ = {
			isa = PBXGroup;
			children = (
				63480F68197CBE7800500DEC /* AppDelegate.swift */,
				63480F6A197CBE7800500DEC /* Images.xcassets */,
				63480F6C197CBE7800500DEC /* MainMenu.xib */,
				63480F64197CBE7800500DEC /* Supporting Files */,
			);
			path = Tomato;
			sourceTree = "<group>";
		};
		63480F64197CBE7800500DEC /* Supporting Files */ = {
			isa = PBXGroup;
			children = (
				63480F65197CBE7800500DEC /* Info.plist */,
				63480F66197CBE7800500DEC /* main.swift */,
			);
			name = "Supporting Files";
			sourceTree = "<group>";
		};
		63480F76197CBE7800500DEC /* TomatoTests */ = {
			isa = PBXGroup;
			children = (
				63480F79197CBE7800500DEC /* TomatoTests.swift */,
				63480F77197CBE7800500DEC /* Supporting Files */,
			);
			path = TomatoTests;
			sourceTree = "<group>";
		};
		63480F77197CBE7800500DEC /* Supporting Files */ = {
			isa = PBXGroup;
			children = (
				63480F78197CBE7800500DEC /* Info.plist */,
			);
			name = "Supporting Files";
			sourceTree = "<group>";
		};
/* End PBXGroup section */

/* Begin PBXNativeTarget section */
		63480F60197CBE7800500DEC /* Tomato */ = {
			isa = PBXNativeTarget;
			buildConfigurationList = 63480F7D197CBE7800500DEC /* Build configuration list for PBXNativeTarget "Tomato" */;
			buildPhases = (
				63480F5D197CBE7800500DEC /* Sources */,
				63480F5E197CBE7800500DEC /* Frameworks */,
				63480F5F197CBE7800500DEC /* Resources */,
			);
			buildRules = (
			);
			dependencies = (
			);
			name = Tomato;
			productName = Tomato;
			productReference = 63480F61197CBE7800500DEC /* Tomato.app */;
			productType = "com.apple.product-type.application";
		};
		63480F72197CBE7800500DEC /* TomatoTests */ = {
			isa = PBXNativeTarget;
			buildConfigurationList = 63480F80197CBE7800500DEC /* Build configuration list for PBXNativeTarget "TomatoTests" */;
			buildPhases = (
				63480F6F197CBE7800500DEC /* Sources */,
				63480F70197CBE7800500DEC /* Frameworks */,
				63480F71197CBE7800500DEC /* Resources */,
			);
			buildRules = (
			);
			dependencies = (
				63480F75197CBE7800500DEC /* PBXTargetDependency */,
			);
			name = TomatoTests;
			productName = TomatoTests;
			productReference = 63480F73197CBE7800500DEC /* TomatoTests.xctest */;
			productType = "com.apple.product-type.bundle.unit-test";
		};
/* End PBXNativeTarget section */

/* Begin PBXProject section */
		63480F59197CBE7800500DEC /* Project object */ = {
			isa = PBXProject;
			attributes = {
				LastUpgradeCheck = 0600;
				ORGANIZATIONNAME = xdf;
				TargetAttributes = {
					63480F60197CBE7800500DEC = {
						CreatedOnToolsVersion = 6.0;
					};
					63480F72197CBE7800500DEC = {
						CreatedOnToolsVersion = 6.0;
						TestTargetID = 63480F60197CBE7800500DEC;
					};
				};
			};
			buildConfigurationList = 63480F5C197CBE7800500DEC /* Build configuration list for PBXProject "Tomato" */;
			compatibilityVersion = "Xcode 3.2";
			developmentRegion = English;
			hasScannedForEncodings = 0;
			knownRegions = (
				en,
				Base,
			);
			mainGroup = 63480F58197CBE7800500DEC;
			productRefGroup = 63480F62197CBE7800500DEC /* Products */;
			projectDirPath = "";
			projectRoot = "";
			targets = (
				63480F60197CBE7800500DEC /* Tomato */,
				63480F72197CBE7800500DEC /* TomatoTests */,
			);
		};
/* End PBXProject section */

/* Begin PBXResourcesBuildPhase section */
		63480F5F197CBE7800500DEC /* Resources */ = {
			isa = PBXResourcesBuildPhase;
			buildActionMask = 2147483647;
			files = (
				63480F6B197CBE7800500DEC /* Images.xcassets in Resources */,
				63480F6E197CBE7800500DEC /* MainMenu.xib in Resources */,
			);
			runOnlyForDeploymentPostprocessing = 0;
		};
		63480F71197CBE7800500DEC /* Resources */ = {
			isa = PBXResourcesBuildPhase;
			buildActionMask = 2147483647;
			files = (
			);
			runOnlyForDeploymentPostprocessing = 0;
		};
/* End PBXResourcesBuildPhase section */

/* Begin PBXSourcesBuildPhase section */
		63480F5D197CBE7800500DEC /* Sources */ = {
			isa = PBXSourcesBuildPhase;
			buildActionMask = 2147483647;
			files = (
				63480F69197CBE7800500DEC /* AppDelegate.swift in Sources */,
				63480F67197CBE7800500DEC /* main.swift in Sources */,
			);
			runOnlyForDeploymentPostprocessing = 0;
		};
		63480F6F197CBE7800500DEC /* Sources */ = {
			isa = PBXSourcesBuildPhase;
			buildActionMask = 2147483647;
			files = (
				63480F7A197CBE7800500DEC /* TomatoTests.swift in Sources */,
			);
			runOnlyForDeploymentPostprocessing = 0;
		};
/* End PBXSourcesBuildPhase section */

/* Begin PBXTargetDependency section */
		63480F75197CBE7800500DEC /* PBXTargetDependency */ = {
			isa = PBXTargetDependency;
			target = 63480F60197CBE7800500DEC /* Tomato */;
			targetProxy = 63480F74197CBE7800500DEC /* PBXContainerItemProxy */;
		};
/* End PBXTargetDependency section */

/* Begin PBXVariantGroup section */
		63480F6C197CBE7800500DEC /* MainMenu.xib */ = {
			isa = PBXVariantGroup;
			children = (
				63480F6D197CBE7800500DEC /* Base */,
			);
			name = MainMenu.xib;
			sourceTree = "<group>";
		};
/* End PBXVariantGroup section */

/* Begin XCBuildConfiguration section */
		63480F7B197CBE7800500DEC /* Debug */ = {
			isa = XCBuildConfiguration;
			buildSettings = {
				ALWAYS_SEARCH_USER_PATHS = NO;
				CLANG_CXX_LANGUAGE_STANDARD = "gnu++0x";
				CLANG_CXX_LIBRARY = "libc++";
				CLANG_ENABLE_MODULES = YES;
				CLANG_ENABLE_OBJC_ARC = YES;
				CLANG_WARN_BOOL_CONVERSION = YES;
				CLANG_WARN_CONSTANT_CONVERSION = YES;
				CLANG_WARN_DIRECT_OBJC_ISA_USAGE = YES_ERROR;
				CLANG_WARN_EMPTY_BODY = YES;
				CLANG_WARN_ENUM_CONVERSION = YES;
				CLANG_WARN_INT_CONVERSION = YES;
				CLANG_WARN_OBJC_ROOT_CLASS = YES_ERROR;
				CLANG_WARN_UNREACHABLE_CODE = YES;
				CLANG_WARN__DUPLICATE_METHOD_MATCH = YES;
				CODE_SIGN_IDENTITY = "-";
				COPY_PHASE_STRIP = NO;
				ENABLE_STRICT_OBJC_MSGSEND = YES;
				GCC_C_LANGUAGE_STANDARD = gnu99;
				GCC_DYNAMIC_NO_PIC = NO;
				GCC_OPTIMIZATION_LEVEL = 0;
				GCC_PREPROCESSOR_DEFINITIONS = (
					"DEBUG=1",
					"$(inherited)",
				);
				GCC_SYMBOLS_PRIVATE_EXTERN = NO;
				GCC_WARN_64_TO_32_BIT_CONVERSION = YES;
				GCC_WARN_ABOUT_RETURN_TYPE = YES_ERROR;
				GCC_WARN_UNDECLARED_SELECTOR = YES;
				GCC_WARN_UNINITIALIZED_AUTOS = YES_AGGRESSIVE;
				GCC_WARN_UNUSED_FUNCTION = YES;
				GCC_WARN_UNUSED_VARIABLE = YES;
				MACOSX_DEPLOYMENT_TARGET = 10.9;
				MTL_ENABLE_DEBUG_INFO = YES;
				ONLY_ACTIVE_ARCH = YES;
				SDKROOT = macosx;
				SWIFT_OPTIMIZATION_LEVEL = "-Onone";
			};
			name = Debug;
		};
		63480F7C197CBE7800500DEC /* Release */ = {
			isa = XCBuildConfiguration;
			buildSettings = {
				ALWAYS_SEARCH_USER_PATHS = NO;
				CLANG_CXX_LANGUAGE_STANDARD = "gnu++0x";
				CLANG_CXX_LIBRARY = "libc++";
				CLANG_ENABLE_MODULES = YES;
				CLANG_ENABLE_OBJC_ARC = YES;
				CLANG_WARN_BOOL_CONVERSION = YES;
				CLANG_WARN_CONSTANT_CONVERSION = YES;
				CLANG_WARN_DIRECT_OBJC_ISA_USAGE = YES_ERROR;
				CLANG_WARN_EMPTY_BODY = YES;
				CLANG_WARN_ENUM_CONVERSION = YES;
				CLANG_WARN_INT_CONVERSION = YES;
				CLANG_WARN_OBJC_ROOT_CLASS = YES_ERROR;
				CLANG_WARN_UNREACHABLE_CODE = YES;
				CLANG_WARN__DUPLICATE_METHOD_MATCH = YES;
				CODE_SIGN_IDENTITY = "-";
				COPY_PHASE_STRIP = YES;
				DEBUG_INFORMATION_FORMAT = "dwarf-with-dsym";
				ENABLE_NS_ASSERTIONS = NO;
				ENABLE_STRICT_OBJC_MSGSEND = YES;
				GCC_C_LANGUAGE_STANDARD = gnu99;
				GCC_WARN_64_TO_32_BIT_CONVERSION = YES;
				GCC_WARN_ABOUT_RETURN_TYPE = YES_ERROR;
				GCC_WARN_UNDECLARED_SELECTOR = YES;
				GCC_WARN_UNINITIALIZED_AUTOS = YES_AGGRESSIVE;
				GCC_WARN_UNUSED_FUNCTION = YES;
				GCC_WARN_UNUSED_VARIABLE = YES;
				MACOSX_DEPLOYMENT_TARGET = 10.9;
				MTL_ENABLE_DEBUG_INFO = NO;
				SDKROOT = macosx;
			};
			name = Release;
		};
		63480F7E197CBE7800500DEC /* Debug */ = {
			isa = XCBuildConfiguration;
			buildSettings = {
				ASSETCATALOG_COMPILER_APPICON_NAME = AppIcon;
				COMBINE_HIDPI_IMAGES = YES;
				INFOPLIST_FILE = Tomato/Info.plist;
				LD_RUNPATH_SEARCH_PATHS = "$(inherited) @executable_path/../Frameworks";
				PRODUCT_NAME = "$(TARGET_NAME)";
			};
			name = Debug;
		};
		63480F7F197CBE7800500DEC /* Release */ = {
			isa = XCBuildConfiguration;
			buildSettings = {
				ASSETCATALOG_COMPILER_APPICON_NAME = AppIcon;
				COMBINE_HIDPI_IMAGES = YES;
				INFOPLIST_FILE = Tomato/Info.plist;
				LD_RUNPATH_SEARCH_PATHS = "$(inherited) @executable_path/../Frameworks";
				PRODUCT_NAME = "$(TARGET_NAME)";
			};
			name = Release;
		};
		63480F81197CBE7800500DEC /* Debug */ = {
			isa = XCBuildConfiguration;
			buildSettings = {
				BUNDLE_LOADER = "$(BUILT_PRODUCTS_DIR)/Tomato.app/Contents/MacOS/Tomato";
				COMBINE_HIDPI_IMAGES = YES;
				FRAMEWORK_SEARCH_PATHS = (
					"$(DEVELOPER_FRAMEWORKS_DIR)",
					"$(inherited)",
				);
				GCC_PREPROCESSOR_DEFINITIONS = (
					"DEBUG=1",
					"$(inherited)",
				);
				INFOPLIST_FILE = TomatoTests/Info.plist;
				LD_RUNPATH_SEARCH_PATHS = "$(inherited) @executable_path/../Frameworks @loader_path/../Frameworks";
				PRODUCT_NAME = "$(TARGET_NAME)";
				TEST_HOST = "$(BUNDLE_LOADER)";
			};
			name = Debug;
		};
		63480F82197CBE7800500DEC /* Release */ = {
			isa = XCBuildConfiguration;
			buildSettings = {
				BUNDLE_LOADER = "$(BUILT_PRODUCTS_DIR)/Tomato.app/Contents/MacOS/Tomato";
				COMBINE_HIDPI_IMAGES = YES;
				FRAMEWORK_SEARCH_PATHS = (
					"$(DEVELOPER_FRAMEWORKS_DIR)",
					"$(inherited)",
				);
				INFOPLIST_FILE = TomatoTests/Info.plist;
				LD_RUNPATH_SEARCH_PATHS = "$(inherited) @executable_path/../Frameworks @loader_path/../Frameworks";
				PRODUCT_NAME = "$(TARGET_NAME)";
				TEST_HOST = "$(BUNDLE_LOADER)";
			};
			name = Release;
		};
/* End XCBuildConfiguration section */

/* Begin XCConfigurationList section */
		63480F5C197CBE7800500DEC /* Build configuration list for PBXProject "Tomato" */ = {
			isa = XCConfigurationList;
			buildConfigurations = (
				63480F7B197CBE7800500DEC /* Debug */,
				63480F7C197CBE7800500DEC /* Release */,
			);
			defaultConfigurationIsVisible = 0;
			defaultConfigurationName = Release;
		};
		63480F7D197CBE7800500DEC /* Build configuration list for PBXNativeTarget "Tomato" */ = {
			isa = XCConfigurationList;
			buildConfigurations = (
				63480F7E197CBE7800500DEC /* Debug */,
				63480F7F197CBE7800500DEC /* Release */,
			);
			defaultConfigurationIsVisible = 0;
		};
		63480F80197CBE7800500DEC /* Build configuration list for PBXNativeTarget "TomatoTests" */ = {
			isa = XCConfigurationList;
			buildConfigurations = (
				63480F81197CBE7800500DEC /* Debug */,
				63480F82197CBE7800500DEC /* Release */,
			);
			defaultConfigurationIsVisible = 0;
		};
/* End XCConfigurationList section */
	};
	rootObject = 63480F59197CBE7800500DEC /* Project object */;
}
